// !$*UTF8*$!
{
	archiveVersion = 1;
	classes = {
	};
	objectVersion = 77;
	objects = {

/* Begin PBXContainerItemProxy section */
		DDCA34F72DE6EDF5002837F7 /* PBXContainerItemProxy */ = {
			isa = PBXContainerItemProxy;
			containerPortal = DDCA34DE2DE6EDF3002837F7 /* Project object */;
			proxyType = 1;
			remoteGlobalIDString = DDCA34E52DE6EDF3002837F7;
			remoteInfo = "AI Insurance";
		};
		DDCA35012DE6EDF5002837F7 /* PBXContainerItemProxy */ = {
			isa = PBXContainerItemProxy;
			containerPortal = DDCA34DE2DE6EDF3002837F7 /* Project object */;
			proxyType = 1;
			remoteGlobalIDString = DDCA34E52DE6EDF3002837F7;
			remoteInfo = "AI Insurance";
		};
/* End PBXContainerItemProxy section */

/* Begin PBXFileReference section */
		DDCA34E62DE6EDF3002837F7 /* AI Insurance.app */ = {isa = PBXFileReference; explicitFileType = wrapper.application; includeInIndex = 0; path = "AI Insurance.app"; sourceTree = BUILT_PRODUCTS_DIR; };
		DDCA34F62DE6EDF5002837F7 /* AI InsuranceTests.xctest */ = {isa = PBXFileReference; explicitFileType = wrapper.cfbundle; includeInIndex = 0; path = "AI InsuranceTests.xctest"; sourceTree = BUILT_PRODUCTS_DIR; };
		DDCA35002DE6EDF5002837F7 /* AI InsuranceUITests.xctest */ = {isa = PBXFileReference; explicitFileType = wrapper.cfbundle; includeInIndex = 0; path = "AI InsuranceUITests.xctest"; sourceTree = BUILT_PRODUCTS_DIR; };
/* End PBXFileReference section */

/* Begin PBXFileSystemSynchronizedRootGroup section */
		DDCA34E82DE6EDF3002837F7 /* AI Insurance */ = {
			isa = PBXFileSystemSynchronizedRootGroup;
			path = "AI Insurance";
			sourceTree = "<group>";
		};
		DDCA34F92DE6EDF5002837F7 /* AI InsuranceTests */ = {
			isa = PBXFileSystemSynchronizedRootGroup;
			path = "AI InsuranceTests";
			sourceTree = "<group>";
		};
		DDCA35032DE6EDF5002837F7 /* AI InsuranceUITests */ = {
			isa = PBXFileSystemSynchronizedRootGroup;
			path = "AI InsuranceUITests";
			sourceTree = "<group>";
		};
/* End PBXFileSystemSynchronizedRootGroup section */

/* Begin PBXFrameworksBuildPhase section */
		DDCA34E32DE6EDF3002837F7 /* Frameworks */ = {
			isa = PBXFrameworksBuildPhase;
			buildActionMask = 2147483647;
			files = (
			);
			runOnlyForDeploymentPostprocessing = 0;
		};
		DDCA34F32DE6EDF5002837F7 /* Frameworks */ = {
			isa = PBXFrameworksBuildPhase;
			buildActionMask = 2147483647;
			files = (
			);
			runOnlyForDeploymentPostprocessing = 0;
		};
		DDCA34FD2DE6EDF5002837F7 /* Frameworks */ = {
			isa = PBXFrameworksBuildPhase;
			buildActionMask = 2147483647;
			files = (
			);
			runOnlyForDeploymentPostprocessing = 0;
		};
/* End PBXFrameworksBuildPhase section */

/* Begin PBXGroup section */
		DDCA34DD2DE6EDF3002837F7 = {
			isa = PBXGroup;
			children = (
				DDCA34E82DE6EDF3002837F7 /* AI Insurance */,
				DDCA34F92DE6EDF5002837F7 /* AI InsuranceTests */,
				DDCA35032DE6EDF5002837F7 /* AI InsuranceUITests */,
				DDCA34E72DE6EDF3002837F7 /* Products */,
			);
			sourceTree = "<group>";
		};
		DDCA34E72DE6EDF3002837F7 /* Products */ = {
			isa = PBXGroup;
			children = (
				DDCA34E62DE6EDF3002837F7 /* AI Insurance.app */,
				DDCA34F62DE6EDF5002837F7 /* AI InsuranceTests.xctest */,
				DDCA35002DE6EDF5002837F7 /* AI InsuranceUITests.xctest */,
			);
			name = Products;
			sourceTree = "<group>";
		};
/* End PBXGroup section */

/* Begin PBXNativeTarget section */
		DDCA34E52DE6EDF3002837F7 /* AI Insurance */ = {
			isa = PBXNativeTarget;
			buildConfigurationList = DDCA350A2DE6EDF5002837F7 /* Build configuration list for PBXNativeTarget "AI Insurance" */;
			buildPhases = (
				DDCA34E22DE6EDF3002837F7 /* Sources */,
				DDCA34E32DE6EDF3002837F7 /* Frameworks */,
				DDCA34E42DE6EDF3002837F7 /* Resources */,
			);
			buildRules = (
			);
			dependencies = (
			);
			fileSystemSynchronizedGroups = (
				DDCA34E82DE6EDF3002837F7 /* AI Insurance */,
			);
			name = "AI Insurance";
			packageProductDependencies = (
			);
			productName = "AI Insurance";
			productReference = DDCA34E62DE6EDF3002837F7 /* AI Insurance.app */;
			productType = "com.apple.product-type.application";
		};
		DDCA34F52DE6EDF5002837F7 /* AI InsuranceTests */ = {
			isa = PBXNativeTarget;
			buildConfigurationList = DDCA350D2DE6EDF5002837F7 /* Build configuration list for PBXNativeTarget "AI InsuranceTests" */;
			buildPhases = (
				DDCA34F22DE6EDF5002837F7 /* Sources */,
				DDCA34F32DE6EDF5002837F7 /* Frameworks */,
				DDCA34F42DE6EDF5002837F7 /* Resources */,
			);
			buildRules = (
			);
			dependencies = (
				DDCA34F82DE6EDF5002837F7 /* PBXTargetDependency */,
			);
			fileSystemSynchronizedGroups = (
				DDCA34F92DE6EDF5002837F7 /* AI InsuranceTests */,
			);
			name = "AI InsuranceTests";
			packageProductDependencies = (
			);
			productName = "AI InsuranceTests";
			productReference = DDCA34F62DE6EDF5002837F7 /* AI InsuranceTests.xctest */;
			productType = "com.apple.product-type.bundle.unit-test";
		};
		DDCA34FF2DE6EDF5002837F7 /* AI InsuranceUITests */ = {
			isa = PBXNativeTarget;
			buildConfigurationList = DDCA35102DE6EDF5002837F7 /* Build configuration list for PBXNativeTarget "AI InsuranceUITests" */;
			buildPhases = (
				DDCA34FC2DE6EDF5002837F7 /* Sources */,
				DDCA34FD2DE6EDF5002837F7 /* Frameworks */,
				DDCA34FE2DE6EDF5002837F7 /* Resources */,
			);
			buildRules = (
			);
			dependencies = (
				DDCA35022DE6EDF5002837F7 /* PBXTargetDependency */,
			);
			fileSystemSynchronizedGroups = (
				DDCA35032DE6EDF5002837F7 /* AI InsuranceUITests */,
			);
			name = "AI InsuranceUITests";
			packageProductDependencies = (
			);
			productName = "AI InsuranceUITests";
			productReference = DDCA35002DE6EDF5002837F7 /* AI InsuranceUITests.xctest */;
			productType = "com.apple.product-type.bundle.ui-testing";
		};
/* End PBXNativeTarget section */

/* Begin PBXProject section */
		DDCA34DE2DE6EDF3002837F7 /* Project object */ = {
			isa = PBXProject;
			attributes = {
				BuildIndependentTargetsInParallel = 1;
				LastSwiftUpdateCheck = 1620;
				LastUpgradeCheck = 1620;
				TargetAttributes = {
					DDCA34E52DE6EDF3002837F7 = {
						CreatedOnToolsVersion = 16.2;
					};
					DDCA34F52DE6EDF5002837F7 = {
						CreatedOnToolsVersion = 16.2;
						TestTargetID = DDCA34E52DE6EDF3002837F7;
					};
					DDCA34FF2DE6EDF5002837F7 = {
						CreatedOnToolsVersion = 16.2;
						TestTargetID = DDCA34E52DE6EDF3002837F7;
					};
				};
			};
			buildConfigurationList = DDCA34E12DE6EDF3002837F7 /* Build configuration list for PBXProject "AI Insurance" */;
			developmentRegion = en;
			hasScannedForEncodings = 0;
			knownRegions = (
				en,
				Base,
			);
			mainGroup = DDCA34DD2DE6EDF3002837F7;
			minimizedProjectReferenceProxies = 1;
			preferredProjectObjectVersion = 77;
			productRefGroup = DDCA34E72DE6EDF3002837F7 /* Products */;
			projectDirPath = "";
			projectRoot = "";
			targets = (
				DDCA34E52DE6EDF3002837F7 /* AI Insurance */,
				DDCA34F52DE6EDF5002837F7 /* AI InsuranceTests */,
				DDCA34FF2DE6EDF5002837F7 /* AI InsuranceUITests */,
			);
		};
/* End PBXProject section */

/* Begin PBXResourcesBuildPhase section */
		DDCA34E42DE6EDF3002837F7 /* Resources */ = {
			isa = PBXResourcesBuildPhase;
			buildActionMask = 2147483647;
			files = (
			);
			runOnlyForDeploymentPostprocessing = 0;
		};
		DDCA34F42DE6EDF5002837F7 /* Resources */ = {
			isa = PBXResourcesBuildPhase;
			buildActionMask = 2147483647;
			files = (
			);
			runOnlyForDeploymentPostprocessing = 0;
		};
		DDCA34FE2DE6EDF5002837F7 /* Resources */ = {
			isa = PBXResourcesBuildPhase;
			buildActionMask = 2147483647;
			files = (
			);
			runOnlyForDeploymentPostprocessing = 0;
		};
/* End PBXResourcesBuildPhase section */

/* Begin PBXSourcesBuildPhase section */
		DDCA34E22DE6EDF3002837F7 /* Sources */ = {
			isa = PBXSourcesBuildPhase;
			buildActionMask = 2147483647;
			files = (
			);
			runOnlyForDeploymentPostprocessing = 0;
		};
		DDCA34F22DE6EDF5002837F7 /* Sources */ = {
			isa = PBXSourcesBuildPhase;
			buildActionMask = 2147483647;
			files = (
			);
			runOnlyForDeploymentPostprocessing = 0;
		};
		DDCA34FC2DE6EDF5002837F7 /* Sources */ = {
			isa = PBXSourcesBuildPhase;
			buildActionMask = 2147483647;
			files = (
			);
			runOnlyForDeploymentPostprocessing = 0;
		};
/* End PBXSourcesBuildPhase section */

/* Begin PBXTargetDependency section */
		DDCA34F82DE6EDF5002837F7 /* PBXTargetDependency */ = {
			isa = PBXTargetDependency;
			target = DDCA34E52DE6EDF3002837F7 /* AI Insurance */;
			targetProxy = DDCA34F72DE6EDF5002837F7 /* PBXContainerItemProxy */;
		};
		DDCA35022DE6EDF5002837F7 /* PBXTargetDependency */ = {
			isa = PBXTargetDependency;
			target = DDCA34E52DE6EDF3002837F7 /* AI Insurance */;
			targetProxy = DDCA35012DE6EDF5002837F7 /* PBXContainerItemProxy */;
		};
/* End PBXTargetDependency section */

/* Begin XCBuildConfiguration section */
		DDCA35082DE6EDF5002837F7 /* Debug */ = {
			isa = XCBuildConfiguration;
			buildSettings = {
				ALWAYS_SEARCH_USER_PATHS = NO;
				ASSETCATALOG_COMPILER_GENERATE_SWIFT_ASSET_SYMBOL_EXTENSIONS = YES;
				CLANG_ANALYZER_NONNULL = YES;
				CLANG_ANALYZER_NUMBER_OBJECT_CONVERSION = YES_AGGRESSIVE;
				CLANG_CXX_LANGUAGE_STANDARD = "gnu++20";
				CLANG_ENABLE_MODULES = YES;
				CLANG_ENABLE_OBJC_ARC = YES;
				CLANG_ENABLE_OBJC_WEAK = YES;
				CLANG_WARN_BLOCK_CAPTURE_AUTORELEASING = YES;
				CLANG_WARN_BOOL_CONVERSION = YES;
				CLANG_WARN_COMMA = YES;
				CLANG_WARN_CONSTANT_CONVERSION = YES;
				CLANG_WARN_DEPRECATED_OBJC_IMPLEMENTATIONS = YES;
				CLANG_WARN_DIRECT_OBJC_ISA_USAGE = YES_ERROR;
				CLANG_WARN_DOCUMENTATION_COMMENTS = YES;
				CLANG_WARN_EMPTY_BODY = YES;
				CLANG_WARN_ENUM_CONVERSION = YES;
				CLANG_WARN_INFINITE_RECURSION = YES;
				CLANG_WARN_INT_CONVERSION = YES;
				CLANG_WARN_NON_LITERAL_NULL_CONVERSION = YES;
				CLANG_WARN_OBJC_IMPLICIT_RETAIN_SELF = YES;
				CLANG_WARN_OBJC_LITERAL_CONVERSION = YES;
				CLANG_WARN_OBJC_ROOT_CLASS = YES_ERROR;
				CLANG_WARN_QUOTED_INCLUDE_IN_FRAMEWORK_HEADER = YES;
				CLANG_WARN_RANGE_LOOP_ANALYSIS = YES;
				CLANG_WARN_STRICT_PROTOTYPES = YES;
				CLANG_WARN_SUSPICIOUS_MOVE = YES;
				CLANG_WARN_UNGUARDED_AVAILABILITY = YES_AGGRESSIVE;
				CLANG_WARN_UNREACHABLE_CODE = YES;
				CLANG_WARN__DUPLICATE_METHOD_MATCH = YES;
				COPY_PHASE_STRIP = NO;
				DEBUG_INFORMATION_FORMAT = dwarf;
				ENABLE_STRICT_OBJC_MSGSEND = YES;
				ENABLE_TESTABILITY = YES;
				ENABLE_USER_SCRIPT_SANDBOXING = YES;
				GCC_C_LANGUAGE_STANDARD = gnu17;
				GCC_DYNAMIC_NO_PIC = NO;
				GCC_NO_COMMON_BLOCKS = YES;
				GCC_OPTIMIZATION_LEVEL = 0;
				GCC_PREPROCESSOR_DEFINITIONS = (
					"DEBUG=1",
					"$(inherited)",
				);
				GCC_WARN_64_TO_32_BIT_CONVERSION = YES;
				GCC_WARN_ABOUT_RETURN_TYPE = YES_ERROR;
				GCC_WARN_UNDECLARED_SELECTOR = YES;
				GCC_WARN_UNINITIALIZED_AUTOS = YES_AGGRESSIVE;
				GCC_WARN_UNUSED_FUNCTION = YES;
				GCC_WARN_UNUSED_VARIABLE = YES;
				IPHONEOS_DEPLOYMENT_TARGET = 18.2;
				LOCALIZATION_PREFERS_STRING_CATALOGS = YES;
				MTL_ENABLE_DEBUG_INFO = INCLUDE_SOURCE;
				MTL_FAST_MATH = YES;
				ONLY_ACTIVE_ARCH = YES;
				SDKROOT = iphoneos;
				SWIFT_ACTIVE_COMPILATION_CONDITIONS = "DEBUG $(inherited)";
				SWIFT_OPTIMIZATION_LEVEL = "-Onone";
			};
			name = Debug;
		};
		DDCA35092DE6EDF5002837F7 /* Release */ = {
			isa = XCBuildConfiguration;
			buildSettings = {
				ALWAYS_SEARCH_USER_PATHS = NO;
				ASSETCATALOG_COMPILER_GENERATE_SWIFT_ASSET_SYMBOL_EXTENSIONS = YES;
				CLANG_ANALYZER_NONNULL = YES;
				CLANG_ANALYZER_NUMBER_OBJECT_CONVERSION = YES_AGGRESSIVE;
				CLANG_CXX_LANGUAGE_STANDARD = "gnu++20";
				CLANG_ENABLE_MODULES = YES;
				CLANG_ENABLE_OBJC_ARC = YES;
				CLANG_ENABLE_OBJC_WEAK = YES;
				CLANG_WARN_BLOCK_CAPTURE_AUTORELEASING = YES;
				CLANG_WARN_BOOL_CONVERSION = YES;
				CLANG_WARN_COMMA = YES;
				CLANG_WARN_CONSTANT_CONVERSION = YES;
				CLANG_WARN_DEPRECATED_OBJC_IMPLEMENTATIONS = YES;
				CLANG_WARN_DIRECT_OBJC_ISA_USAGE = YES_ERROR;
				CLANG_WARN_DOCUMENTATION_COMMENTS = YES;
				CLANG_WARN_EMPTY_BODY = YES;
				CLANG_WARN_ENUM_CONVERSION = YES;
				CLANG_WARN_INFINITE_RECURSION = YES;
				CLANG_WARN_INT_CONVERSION = YES;
				CLANG_WARN_NON_LITERAL_NULL_CONVERSION = YES;
				CLANG_WARN_OBJC_IMPLICIT_RETAIN_SELF = YES;
				CLANG_WARN_OBJC_LITERAL_CONVERSION = YES;
				CLANG_WARN_OBJC_ROOT_CLASS = YES_ERROR;
				CLANG_WARN_QUOTED_INCLUDE_IN_FRAMEWORK_HEADER = YES;
				CLANG_WARN_RANGE_LOOP_ANALYSIS = YES;
				CLANG_WARN_STRICT_PROTOTYPES = YES;
				CLANG_WARN_SUSPICIOUS_MOVE = YES;
				CLANG_WARN_UNGUARDED_AVAILABILITY = YES_AGGRESSIVE;
				CLANG_WARN_UNREACHABLE_CODE = YES;
				CLANG_WARN__DUPLICATE_METHOD_MATCH = YES;
				COPY_PHASE_STRIP = NO;
				DEBUG_INFORMATION_FORMAT = "dwarf-with-dsym";
				ENABLE_NS_ASSERTIONS = NO;
				ENABLE_STRICT_OBJC_MSGSEND = YES;
				ENABLE_USER_SCRIPT_SANDBOXING = YES;
				GCC_C_LANGUAGE_STANDARD = gnu17;
				GCC_NO_COMMON_BLOCKS = YES;
				GCC_WARN_64_TO_32_BIT_CONVERSION = YES;
				GCC_WARN_ABOUT_RETURN_TYPE = YES_ERROR;
				GCC_WARN_UNDECLARED_SELECTOR = YES;
				GCC_WARN_UNINITIALIZED_AUTOS = YES_AGGRESSIVE;
				GCC_WARN_UNUSED_FUNCTION = YES;
				GCC_WARN_UNUSED_VARIABLE = YES;
				IPHONEOS_DEPLOYMENT_TARGET = 18.2;
				LOCALIZATION_PREFERS_STRING_CATALOGS = YES;
				MTL_ENABLE_DEBUG_INFO = NO;
				MTL_FAST_MATH = YES;
				SDKROOT = iphoneos;
				SWIFT_COMPILATION_MODE = wholemodule;
				VALIDATE_PRODUCT = YES;
			};
			name = Release;
		};
		DDCA350B2DE6EDF5002837F7 /* Debug */ = {
			isa = XCBuildConfiguration;
			buildSettings = {
				ASSETCATALOG_COMPILER_APPICON_NAME = AppIcon;
				ASSETCATALOG_COMPILER_GLOBAL_ACCENT_COLOR_NAME = AccentColor;
				CODE_SIGN_ENTITLEMENTS = "AI Insurance/AI Insurance.entitlements";
				CODE_SIGN_STYLE = Automatic;
				CURRENT_PROJECT_VERSION = 1;
				DEVELOPMENT_ASSET_PATHS = "\"AI Insurance/Preview Content\"";
				ENABLE_PREVIEWS = YES;
				GENERATE_INFOPLIST_FILE = YES;
				INFOPLIST_KEY_NSHealthShareUsageDescription = "We need access to your health data, including steps, heart rate, weight, and sleep, to personalize your insurance plan and promote wellness.";
				INFOPLIST_KEY_NSHealthUpdateUsageDescription = "We may write health data to HealthKit to track your progress for your insurance plan.";
				INFOPLIST_KEY_UIApplicationSceneManifest_Generation = YES;
				INFOPLIST_KEY_UIApplicationSupportsIndirectInputEvents = YES;
				INFOPLIST_KEY_UILaunchScreen_Generation = YES;
				INFOPLIST_KEY_UISupportedInterfaceOrientations_iPad = "UIInterfaceOrientationPortrait UIInterfaceOrientationPortraitUpsideDown UIInterfaceOrientationLandscapeLeft UIInterfaceOrientationLandscapeRight";
				INFOPLIST_KEY_UISupportedInterfaceOrientations_iPhone = "UIInterfaceOrientationPortrait UIInterfaceOrientationLandscapeLeft UIInterfaceOrientationLandscapeRight";
				LD_RUNPATH_SEARCH_PATHS = (
					"$(inherited)",
					"@executable_path/Frameworks",
				);
				MARKETING_VERSION = 1.0;
				PRODUCT_BUNDLE_IDENTIFIER = "comp7705.AI-Insurance";
				PRODUCT_NAME = "$(TARGET_NAME)";
				SWIFT_EMIT_LOC_STRINGS = YES;
				SWIFT_VERSION = 5.0;
				TARGETED_DEVICE_FAMILY = "1,2";
			};
			name = Debug;
		};
		DDCA350C2DE6EDF5002837F7 /* Release */ = {
			isa = XCBuildConfiguration;
			buildSettings = {
				ASSETCATALOG_COMPILER_APPICON_NAME = AppIcon;
				ASSETCATALOG_COMPILER_GLOBAL_ACCENT_COLOR_NAME = AccentColor;
				CODE_SIGN_ENTITLEMENTS = "AI Insurance/AI Insurance.entitlements";
				CODE_SIGN_STYLE = Automatic;
				CURRENT_PROJECT_VERSION = 1;
				DEVELOPMENT_ASSET_PATHS = "\"AI Insurance/Preview Content\"";
				ENABLE_PREVIEWS = YES;
				GENERATE_INFOPLIST_FILE = YES;
				INFOPLIST_KEY_NSHealthShareUsageDescription = "We need access to your health data, including steps, heart rate, weight, and sleep, to personalize your insurance plan and promote wellness.";
				INFOPLIST_KEY_NSHealthUpdateUsageDescription = "We may write health data to HealthKit to track your progress for your insurance plan.";
				INFOPLIST_KEY_UIApplicationSceneManifest_Generation = YES;
				INFOPLIST_KEY_UIApplicationSupportsIndirectInputEvents = YES;
				INFOPLIST_KEY_UILaunchScreen_Generation = YES;
				INFOPLIST_KEY_UISupportedInterfaceOrientations_iPad = "UIInterfaceOrientationPortrait UIInterfaceOrientationPortraitUpsideDown UIInterfaceOrientationLandscapeLeft UIInterfaceOrientationLandscapeRight";
				INFOPLIST_KEY_UISupportedInterfaceOrientations_iPhone = "UIInterfaceOrientationPortrait UIInterfaceOrientationLandscapeLeft UIInterfaceOrientationLandscapeRight";
				LD_RUNPATH_SEARCH_PATHS = (
					"$(inherited)",
					"@executable_path/Frameworks",
				);
				MARKETING_VERSION = 1.0;
				PRODUCT_BUNDLE_IDENTIFIER = "comp7705.AI-Insurance";
				PRODUCT_NAME = "$(TARGET_NAME)";
				SWIFT_EMIT_LOC_STRINGS = YES;
				SWIFT_VERSION = 5.0;
				TARGETED_DEVICE_FAMILY = "1,2";
			};
			name = Release;
		};
		DDCA350E2DE6EDF5002837F7 /* Debug */ = {
			isa = XCBuildConfiguration;
			buildSettings = {
				BUNDLE_LOADER = "$(TEST_HOST)";
				CODE_SIGN_STYLE = Automatic;
				CURRENT_PROJECT_VERSION = 1;
				GENERATE_INFOPLIST_FILE = YES;
				IPHONEOS_DEPLOYMENT_TARGET = 18.2;
				MARKETING_VERSION = 1.0;
				PRODUCT_BUNDLE_IDENTIFIER = "comp7705.AI-InsuranceTests";
				PRODUCT_NAME = "$(TARGET_NAME)";
				SWIFT_EMIT_LOC_STRINGS = NO;
				SWIFT_VERSION = 5.0;
				TARGETED_DEVICE_FAMILY = "1,2";
				TEST_HOST = "$(BUILT_PRODUCTS_DIR)/AI Insurance.app/$(BUNDLE_EXECUTABLE_FOLDER_PATH)/AI Insurance";
			};
			name = Debug;
		};
		DDCA350F2DE6EDF5002837F7 /* Release */ = {
			isa = XCBuildConfiguration;
			buildSettings = {
				BUNDLE_LOADER = "$(TEST_HOST)";
				CODE_SIGN_STYLE = Automatic;
				CURRENT_PROJECT_VERSION = 1;
				GENERATE_INFOPLIST_FILE = YES;
				IPHONEOS_DEPLOYMENT_TARGET = 18.2;
				MARKETING_VERSION = 1.0;
				PRODUCT_BUNDLE_IDENTIFIER = "comp7705.AI-InsuranceTests";
				PRODUCT_NAME = "$(TARGET_NAME)";
				SWIFT_EMIT_LOC_STRINGS = NO;
				SWIFT_VERSION = 5.0;
				TARGETED_DEVICE_FAMILY = "1,2";
				TEST_HOST = "$(BUILT_PRODUCTS_DIR)/AI Insurance.app/$(BUNDLE_EXECUTABLE_FOLDER_PATH)/AI Insurance";
			};
			name = Release;
		};
		DDCA35112DE6EDF5002837F7 /* Debug */ = {
			isa = XCBuildConfiguration;
			buildSettings = {
				CODE_SIGN_STYLE = Automatic;
				CURRENT_PROJECT_VERSION = 1;
				GENERATE_INFOPLIST_FILE = YES;
				MARKETING_VERSION = 1.0;
				PRODUCT_BUNDLE_IDENTIFIER = "comp7705.AI-InsuranceUITests";
				PRODUCT_NAME = "$(TARGET_NAME)";
				SWIFT_EMIT_LOC_STRINGS = NO;
				SWIFT_VERSION = 5.0;
				TARGETED_DEVICE_FAMILY = "1,2";
				TEST_TARGET_NAME = "AI Insurance";
			};
			name = Debug;
		};
		DDCA35122DE6EDF5002837F7 /* Release */ = {
			isa = XCBuildConfiguration;
			buildSettings = {
				CODE_SIGN_STYLE = Automatic;
				CURRENT_PROJECT_VERSION = 1;
				GENERATE_INFOPLIST_FILE = YES;
				MARKETING_VERSION = 1.0;
				PRODUCT_BUNDLE_IDENTIFIER = "comp7705.AI-InsuranceUITests";
				PRODUCT_NAME = "$(TARGET_NAME)";
				SWIFT_EMIT_LOC_STRINGS = NO;
				SWIFT_VERSION = 5.0;
				TARGETED_DEVICE_FAMILY = "1,2";
				TEST_TARGET_NAME = "AI Insurance";
			};
			name = Release;
		};
/* End XCBuildConfiguration section */

/* Begin XCConfigurationList section */
		DDCA34E12DE6EDF3002837F7 /* Build configuration list for PBXProject "AI Insurance" */ = {
			isa = XCConfigurationList;
			buildConfigurations = (
				DDCA35082DE6EDF5002837F7 /* Debug */,
				DDCA35092DE6EDF5002837F7 /* Release */,
			);
			defaultConfigurationIsVisible = 0;
			defaultConfigurationName = Release;
		};
		DDCA350A2DE6EDF5002837F7 /* Build configuration list for PBXNativeTarget "AI Insurance" */ = {
			isa = XCConfigurationList;
			buildConfigurations = (
				DDCA350B2DE6EDF5002837F7 /* Debug */,
				DDCA350C2DE6EDF5002837F7 /* Release */,
			);
			defaultConfigurationIsVisible = 0;
			defaultConfigurationName = Release;
		};
		DDCA350D2DE6EDF5002837F7 /* Build configuration list for PBXNativeTarget "AI InsuranceTests" */ = {
			isa = XCConfigurationList;
			buildConfigurations = (
				DDCA350E2DE6EDF5002837F7 /* Debug */,
				DDCA350F2DE6EDF5002837F7 /* Release */,
			);
			defaultConfigurationIsVisible = 0;
			defaultConfigurationName = Release;
		};
		DDCA35102DE6EDF5002837F7 /* Build configuration list for PBXNativeTarget "AI InsuranceUITests" */ = {
			isa = XCConfigurationList;
			buildConfigurations = (
				DDCA35112DE6EDF5002837F7 /* Debug */,
				DDCA35122DE6EDF5002837F7 /* Release */,
			);
			defaultConfigurationIsVisible = 0;
			defaultConfigurationName = Release;
		};
/* End XCConfigurationList section */
	};
	rootObject = DDCA34DE2DE6EDF3002837F7 /* Project object */;
}
